
Microsoft Visual Studio Solution File, Format Version 12.00
# Visual Studio Version 17
VisualStudioVersion = 17.11.35208.52
MinimumVisualStudioVersion = 10.0.40219.1
Project("{8BC9CEB8-8B4A-11D0-8D11-00A0C91BC942}") = "Lab_5.4", "Lab_5.4\Lab_5.4.vcxproj", "{5FF95559-4F5D-4EAF-AAC6-157E7EC6CF8A}"
EndProject
Project("{8BC9CEB8-8B4A-11D0-8D11-00A0C91BC942}") = "UnitTest1", "UnitTest1\UnitTest1.vcxproj", "{F80BE2B1-9A4F-4C04-BEF6-B3FB9C62E5B3}"
EndProject
Global
	GlobalSection(SolutionConfigurationPlatforms) = preSolution
		Debug|x64 = Debug|x64
		Debug|x86 = Debug|x86
		Release|x64 = Release|x64
		Release|x86 = Release|x86
	EndGlobalSection
	GlobalSection(ProjectConfigurationPlatforms) = postSolution
		{5FF95559-4F5D-4EAF-AAC6-157E7EC6CF8A}.Debug|x64.ActiveCfg = Debug|x64
		{5FF95559-4F5D-4EAF-AAC6-157E7EC6CF8A}.Debug|x64.Build.0 = Debug|x64
		{5FF95559-4F5D-4EAF-AAC6-157E7EC6CF8A}.Debug|x86.ActiveCfg = Debug|Win32
		{5FF95559-4F5D-4EAF-AAC6-157E7EC6CF8A}.Debug|x86.Build.0 = Debug|Win32
		{5FF95559-4F5D-4EAF-AAC6-157E7EC6CF8A}.Release|x64.ActiveCfg = Release|x64
		{5FF95559-4F5D-4EAF-AAC6-157E7EC6CF8A}.Release|x64.Build.0 = Release|x64
		{5FF95559-4F5D-4EAF-AAC6-157E7EC6CF8A}.Release|x86.ActiveCfg = Release|Win32
		{5FF95559-4F5D-4EAF-AAC6-157E7EC6CF8A}.Release|x86.Build.0 = Release|Win32
		{F80BE2B1-9A4F-4C04-BEF6-B3FB9C62E5B3}.Debug|x64.ActiveCfg = Debug|x64
		{F80BE2B1-9A4F-4C04-BEF6-B3FB9C62E5B3}.Debug|x64.Build.0 = Debug|x64
		{F80BE2B1-9A4F-4C04-BEF6-B3FB9C62E5B3}.Debug|x86.ActiveCfg = Debug|Win32
		{F80BE2B1-9A4F-4C04-BEF6-B3FB9C62E5B3}.Debug|x86.Build.0 = Debug|Win32
		{F80BE2B1-9A4F-4C04-BEF6-B3FB9C62E5B3}.Release|x64.ActiveCfg = Release|x64
		{F80BE2B1-9A4F-4C04-BEF6-B3FB9C62E5B3}.Release|x64.Build.0 = Release|x64
		{F80BE2B1-9A4F-4C04-BEF6-B3FB9C62E5B3}.Release|x86.ActiveCfg = Release|Win32
		{F80BE2B1-9A4F-4C04-BEF6-B3FB9C62E5B3}.Release|x86.Build.0 = Release|Win32
	EndGlobalSection
	GlobalSection(SolutionProperties) = preSolution
		HideSolutionNode = FALSE
	EndGlobalSection
	GlobalSection(ExtensibilityGlobals) = postSolution
		SolutionGuid = {C4D5685D-174F-413E-B562-8B6D5A9E54C3}
	EndGlobalSection
EndGlobal
